
Microsoft Visual Studio Solution File, Format Version 12.00
# Visual Studio Version 16
VisualStudioVersion = 16.0.32002.261
MinimumVisualStudioVersion = 10.0.40219.1
Project("{FAE04EC0-301F-11D3-BF4B-00C04F79EFBC}") = "Decorator", "Decorator.csproj", "{DD15A348-B231-4C7B-8E61-BDE87B7ACFE0}"
EndProject
Global
	GlobalSection(SolutionConfigurationPlatforms) = preSolution
		Debug|Any CPU = Debug|Any CPU
		Release|Any CPU = Release|Any CPU
	EndGlobalSection
	GlobalSection(ProjectConfigurationPlatforms) = postSolution
		{DD15A348-B231-4C7B-8E61-BDE87B7ACFE0}.Debug|Any CPU.ActiveCfg = Debug|Any CPU
		{DD15A348-B231-4C7B-8E61-BDE87B7ACFE0}.Debug|Any CPU.Build.0 = Debug|Any CPU
		{DD15A348-B231-4C7B-8E61-BDE87B7ACFE0}.Release|Any CPU.ActiveCfg = Release|Any CPU
		{DD15A348-B231-4C7B-8E61-BDE87B7ACFE0}.Release|Any CPU.Build.0 = Release|Any CPU
	EndGlobalSection
	GlobalSection(SolutionProperties) = preSolution
		HideSolutionNode = FALSE
	EndGlobalSection
	GlobalSection(ExtensibilityGlobals) = postSolution
		SolutionGuid = {C1D1EB5F-D919-4EB9-8B61-1E009D6E1424}
	EndGlobalSection
EndGlobal
